
Microsoft Visual Studio Solution File, Format Version 12.00
# Visual Studio Version 16
VisualStudioVersion = 16.0.30320.27
MinimumVisualStudioVersion = 10.0.40219.1
Project("{FAE04EC0-301F-11D3-BF4B-00C04F79EFBC}") = "A133590.Ejercicio7", "A133590.Ejercicio7.csproj", "{BAA63FE8-7300-4FD4-A1BE-ADEDAEA88E91}"
EndProject
Global
	GlobalSection(SolutionConfigurationPlatforms) = preSolution
		Debug|Any CPU = Debug|Any CPU
		Release|Any CPU = Release|Any CPU
	EndGlobalSection
	GlobalSection(ProjectConfigurationPlatforms) = postSolution
		{BAA63FE8-7300-4FD4-A1BE-ADEDAEA88E91}.Debug|Any CPU.ActiveCfg = Debug|Any CPU
		{BAA63FE8-7300-4FD4-A1BE-ADEDAEA88E91}.Debug|Any CPU.Build.0 = Debug|Any CPU
		{BAA63FE8-7300-4FD4-A1BE-ADEDAEA88E91}.Release|Any CPU.ActiveCfg = Release|Any CPU
		{BAA63FE8-7300-4FD4-A1BE-ADEDAEA88E91}.Release|Any CPU.Build.0 = Release|Any CPU
	EndGlobalSection
	GlobalSection(SolutionProperties) = preSolution
		HideSolutionNode = FALSE
	EndGlobalSection
	GlobalSection(ExtensibilityGlobals) = postSolution
		SolutionGuid = {D51FFF97-76DF-4E47-9526-416A9A9D9ADC}
	EndGlobalSection
EndGlobal
